
Microsoft Visual Studio Solution File, Format Version 12.00
# Visual Studio 11
Project("{FAE04EC0-301F-11D3-BF4B-00C04F79EFBC}") = "AchLookup.CSharp", "AchLookup.CSharp.csproj", "{5F99BA53-B84F-4F8D-A99E-A2E56EA9F029}"
EndProject
Global
	GlobalSection(SolutionConfigurationPlatforms) = preSolution
		Debug|Any CPU = Debug|Any CPU
		Release|Any CPU = Release|Any CPU
	EndGlobalSection
	GlobalSection(ProjectConfigurationPlatforms) = postSolution
		{5F99BA53-B84F-4F8D-A99E-A2E56EA9F029}.Debug|Any CPU.ActiveCfg = Debug|Any CPU
		{5F99BA53-B84F-4F8D-A99E-A2E56EA9F029}.Debug|Any CPU.Build.0 = Debug|Any CPU
		{5F99BA53-B84F-4F8D-A99E-A2E56EA9F029}.Release|Any CPU.ActiveCfg = Release|Any CPU
		{5F99BA53-B84F-4F8D-A99E-A2E56EA9F029}.Release|Any CPU.Build.0 = Release|Any CPU
	EndGlobalSection
	GlobalSection(SolutionProperties) = preSolution
		HideSolutionNode = FALSE
	EndGlobalSection
EndGlobal
